
Microsoft Visual Studio Solution File, Format Version 12.00
# Visual Studio 15
VisualStudioVersion = 15.0.26823.1
MinimumVisualStudioVersion = 10.0.40219.1
Project("{FAE04EC0-301F-11D3-BF4B-00C04F79EFBC}") = "Kata20170831_LengthOfMissingArray", "Kata20170831_LengthOfMissingArray\Kata20170831_LengthOfMissingArray.csproj", "{4373F2C2-846D-474E-8B13-6FFE0CA89801}"
EndProject
Global
	GlobalSection(SolutionConfigurationPlatforms) = preSolution
		Debug|Any CPU = Debug|Any CPU
		Release|Any CPU = Release|Any CPU
	EndGlobalSection
	GlobalSection(ProjectConfigurationPlatforms) = postSolution
		{4373F2C2-846D-474E-8B13-6FFE0CA89801}.Debug|Any CPU.ActiveCfg = Debug|Any CPU
		{4373F2C2-846D-474E-8B13-6FFE0CA89801}.Debug|Any CPU.Build.0 = Debug|Any CPU
		{4373F2C2-846D-474E-8B13-6FFE0CA89801}.Release|Any CPU.ActiveCfg = Release|Any CPU
		{4373F2C2-846D-474E-8B13-6FFE0CA89801}.Release|Any CPU.Build.0 = Release|Any CPU
	EndGlobalSection
	GlobalSection(SolutionProperties) = preSolution
		HideSolutionNode = FALSE
	EndGlobalSection
	GlobalSection(ExtensibilityGlobals) = postSolution
		SolutionGuid = {A5C2C768-0FB1-44E6-A7B9-1658CB959111}
	EndGlobalSection
	GlobalSection(CodealikeProperties) = postSolution
		SolutionGuid = c4fbad1c-dbab-40e0-9405-fc70a2ab4c9c
	EndGlobalSection
EndGlobal
